# This file is @generated by PDM.
# It is not intended for manual editing.

[metadata]
groups = ["default"]
strategy = ["cross_platform", "inherit_metadata"]
lock_version = "4.4.1"
content_hash = "sha256:9f3c0c80a3e1f380836f1bb93cc93752a2761a9efdbfab474962271eab2c48dd"

[[package]]
name = "cython"
version = "3.0.10"
requires_python = "!=3.0.*,!=3.1.*,!=3.2.*,!=3.3.*,>=2.7"
summary = "The Cython compiler for writing C extensions in the Python language."
groups = ["default"]
marker = "sys_platform == \"darwin\""
files = [
    {file = "Cython-3.0.10-cp312-cp312-macosx_10_9_x86_64.whl", hash = "sha256:8f2864ab5fcd27a346f0b50f901ebeb8f60b25a60a575ccfd982e7f3e9674914"},
    {file = "Cython-3.0.10-cp312-cp312-manylinux_2_17_aarch64.manylinux2014_aarch64.whl", hash = "sha256:407840c56385b9c085826fe300213e0e76ba15d1d47daf4b58569078ecb94446"},
    {file = "Cython-3.0.10-cp312-cp312-manylinux_2_17_x86_64.manylinux2014_x86_64.whl", hash = "sha256:5a036d00caa73550a3a976432ef21c1e3fa12637e1616aab32caded35331ae96"},
    {file = "Cython-3.0.10-cp312-cp312-manylinux_2_5_i686.manylinux1_i686.manylinux_2_17_i686.manylinux2014_i686.whl", hash = "sha256:9cc6a0e7e23a96dec3f3c9d39690d4281beabd5297855140d0d30855f950275e"},
    {file = "Cython-3.0.10-cp312-cp312-musllinux_1_1_aarch64.whl", hash = "sha256:a5e14a8c6a8157d2b0cdc2e8e3444905d20a0e78e19d2a097e89fb8b04b51f6b"},
    {file = "Cython-3.0.10-cp312-cp312-musllinux_1_1_x86_64.whl", hash = "sha256:f8a2b8fa0fd8358bccb5f3304be563c4750aae175100463d212d5ea0ec74cbe0"},
    {file = "Cython-3.0.10-cp312-cp312-win32.whl", hash = "sha256:2d29e617fd23cf4b83afe8f93f2966566c9f565918ad1e86a4502fe825cc0a79"},
    {file = "Cython-3.0.10-cp312-cp312-win_amd64.whl", hash = "sha256:6c5af936940a38c300977b81598d9c0901158f220a58c177820e17e1774f1cf1"},
    {file = "Cython-3.0.10-py2.py3-none-any.whl", hash = "sha256:fcbb679c0b43514d591577fd0d20021c55c240ca9ccafbdb82d3fb95e5edfee2"},
    {file = "Cython-3.0.10.tar.gz", hash = "sha256:dcc96739331fb854dcf503f94607576cfe8488066c61ca50dfd55836f132de99"},
]

[[package]]
name = "mouseinfo"
version = "0.1.3"
summary = "An application to display XY position and RGB color information for the pixel currently under the mouse. Works on Python 2 and 3."
groups = ["default"]
dependencies = [
    "pyperclip",
    "python3-Xlib; platform_system == \"Linux\" and python_version >= \"3.0\"",
    "rubicon-objc; platform_system == \"Darwin\"",
]
files = [
    {file = "MouseInfo-0.1.3.tar.gz", hash = "sha256:2c62fb8885062b8e520a3cce0a297c657adcc08c60952eb05bc8256ef6f7f6e7"},
]

[[package]]
name = "paho-mqtt"
version = "2.1.0"
requires_python = ">=3.7"
summary = "MQTT version 5.0/3.1.1 client class"
groups = ["default"]
files = [
    {file = "paho_mqtt-2.1.0-py3-none-any.whl", hash = "sha256:6db9ba9b34ed5bc6b6e3812718c7e06e2fd7444540df2455d2c51bd58808feee"},
    {file = "paho_mqtt-2.1.0.tar.gz", hash = "sha256:12d6e7511d4137555a3f6ea167ae846af2c7357b10bc6fa4f7c3968fc1723834"},
]

[[package]]
name = "pyautogui"
version = "0.9.54"
summary = "PyAutoGUI lets Python control the mouse and keyboard, and other GUI automation tasks. For Windows, macOS, and Linux, on Python 3 and 2."
groups = ["default"]
dependencies = [
    "mouseinfo",
    "pygetwindow>=0.0.5",
    "pymsgbox",
    "pyobjc-core; platform_system == \"Darwin\"",
    "pyobjc-framework-quartz; platform_system == \"Darwin\"",
    "pyscreeze>=0.1.21",
    "python3-Xlib; platform_system == \"Linux\" and python_version >= \"3.0\"",
    "pytweening>=1.0.4",
]
files = [
    {file = "PyAutoGUI-0.9.54.tar.gz", hash = "sha256:dd1d29e8fd118941cb193f74df57e5c6ff8e9253b99c7b04f39cfc69f3ae04b2"},
]

[[package]]
name = "pygetwindow"
version = "0.0.9"
summary = "A simple, cross-platform module for obtaining GUI information on application's windows."
groups = ["default"]
dependencies = [
    "pyrect",
]
files = [
    {file = "PyGetWindow-0.0.9.tar.gz", hash = "sha256:17894355e7d2b305cd832d717708384017c1698a90ce24f6f7fbf0242dd0a688"},
]

[[package]]
name = "pymsgbox"
version = "1.0.9"
summary = "A simple, cross-platform, pure Python module for JavaScript-like message boxes."
groups = ["default"]
files = [
    {file = "PyMsgBox-1.0.9.tar.gz", hash = "sha256:2194227de8bff7a3d6da541848705a155dcbb2a06ee120d9f280a1d7f51263ff"},
]

[[package]]
name = "pyobjc-core"
version = "10.3"
requires_python = ">=3.8"
summary = "Python<->ObjC Interoperability Module"
groups = ["default"]
marker = "sys_platform == \"darwin\" or platform_system == \"Darwin\""
files = [
    {file = "pyobjc_core-10.3-cp312-cp312-macosx_10_9_universal2.whl", hash = "sha256:50dfe3bd7295f04445cf3134113578678a188ca4fb0869e821369a2d288492dc"},
    {file = "pyobjc_core-10.3.tar.gz", hash = "sha256:875f2555b51a8a36cafbdb7d5d36f3452287a81bd5d7dc09aa6c309d638a9275"},
]

[[package]]
name = "pyobjc-framework-cocoa"
version = "10.3"
requires_python = ">=3.8"
summary = "Wrappers for the Cocoa frameworks on macOS"
groups = ["default"]
marker = "sys_platform == \"darwin\" or platform_system == \"Darwin\""
dependencies = [
    "pyobjc-core>=10.3",
]
files = [
    {file = "pyobjc_framework_Cocoa-10.3-cp312-cp312-macosx_10_9_universal2.whl", hash = "sha256:08ccc260d3481ddf03784f7dcf2cc7a4e9d8f1ecdf727cb4f80cde7b88416c39"},
    {file = "pyobjc_framework_cocoa-10.3.tar.gz", hash = "sha256:d39f90ffe04143911060c392e62b9514f14caaba119657d6e2b8b197af49e117"},
]

[[package]]
name = "pyobjc-framework-quartz"
version = "10.3"
requires_python = ">=3.8"
summary = "Wrappers for the Quartz frameworks on macOS"
groups = ["default"]
marker = "platform_system == \"Darwin\""
dependencies = [
    "pyobjc-core>=10.3",
    "pyobjc-framework-Cocoa>=10.3",
]
files = [
    {file = "pyobjc_framework_Quartz-10.3-cp312-cp312-macosx_10_9_universal2.whl", hash = "sha256:caf489c498b2137bf2909ad19f6461ddfb66106f678694805184daaa0dec7919"},
    {file = "pyobjc_framework_quartz-10.3.tar.gz", hash = "sha256:4c4441e5a338ebe2e1d44a3bdf78e6bfb849ac167732814646dc438c3a08f595"},
]

[[package]]
name = "pyperclip"
version = "1.8.2"
summary = "A cross-platform clipboard module for Python. (Only handles plain text for now.)"
groups = ["default"]
files = [
    {file = "pyperclip-1.8.2.tar.gz", hash = "sha256:105254a8b04934f0bc84e9c24eb360a591aaf6535c9def5f29d92af107a9bf57"},
]

[[package]]
name = "pyrect"
version = "0.2.0"
summary = "PyRect is a simple module with a Rect class for Pygame-like rectangular areas."
groups = ["default"]
files = [
    {file = "PyRect-0.2.0.tar.gz", hash = "sha256:f65155f6df9b929b67caffbd57c0947c5ae5449d3b580d178074bffb47a09b78"},
]

[[package]]
name = "pyscreeze"
version = "0.1.30"
summary = "A simple, cross-platform screenshot module for Python 2 and 3."
groups = ["default"]
files = [
    {file = "PyScreeze-0.1.30.tar.gz", hash = "sha256:74098ad048e76a6231dcfa6243343af94459b8c829f9ccb7a44a5d3b147a67d1"},
]

[[package]]
name = "python3-xlib"
version = "0.15"
summary = "Python3 X Library"
groups = ["default"]
marker = "platform_system == \"Linux\" and python_version >= \"3.0\""
files = [
    {file = "python3-xlib-0.15.tar.gz", hash = "sha256:dc4245f3ae4aa5949c1d112ee4723901ade37a96721ba9645f2bfa56e5b383f8"},
]

[[package]]
name = "pytweening"
version = "1.2.0"
summary = "A collection of tweening (aka easing) functions."
groups = ["default"]
files = [
    {file = "pytweening-1.2.0.tar.gz", hash = "sha256:243318b7736698066c5f362ec5c2b6434ecf4297c3c8e7caa8abfe6af4cac71b"},
]

[[package]]
name = "rubicon-objc"
version = "0.4.9"
requires_python = ">=3.8"
summary = "A bridge between an Objective C runtime environment and Python."
groups = ["default"]
marker = "platform_system == \"Darwin\""
files = [
    {file = "rubicon_objc-0.4.9-py3-none-any.whl", hash = "sha256:c351b3800cf74c8c23f7d534f008fd5de46c63818de7a44de96daffdb3ed8b8c"},
    {file = "rubicon_objc-0.4.9.tar.gz", hash = "sha256:3d77a5b2d10cb1e49679aa90b7824b46f67b3fd636229aa4a1b902d24aec6a58"},
]

[[package]]
name = "screeninfo"
version = "0.8.1"
requires_python = ">=3.6.2,<4.0.0"
summary = "Fetch location and size of physical screens."
groups = ["default"]
dependencies = [
    "Cython; sys_platform == \"darwin\"",
    "pyobjc-framework-Cocoa; sys_platform == \"darwin\"",
]
files = [
    {file = "screeninfo-0.8.1-py3-none-any.whl", hash = "sha256:e97d6b173856edcfa3bd282f81deb528188aff14b11ec3e195584e7641be733c"},
    {file = "screeninfo-0.8.1.tar.gz", hash = "sha256:9983076bcc7e34402a1a9e4d7dabf3729411fd2abb3f3b4be7eba73519cd2ed1"},
]
