# This file is @generated by PDM.
# It is not intended for manual editing.

[metadata]
groups = ["default"]
strategy = ["cross_platform", "inherit_metadata"]
lock_version = "4.4.1"
content_hash = "sha256:be62bb0366b3799a330b48ed7ec6579f575f330fff28ba59db2b09d7dcf8428e"

[[package]]
name = "paho-mqtt"
version = "2.0.0"
requires_python = ">=3.7"
summary = "MQTT version 5.0/3.1.1 client class"
groups = ["default"]
files = [
    {file = "paho_mqtt-2.0.0-py3-none-any.whl", hash = "sha256:2ef745073dfc9aa68bfec30d0b9b6f0304ea75182bae85a7c77a80cefce1eff5"},
    {file = "paho_mqtt-2.0.0.tar.gz", hash = "sha256:13b205f29251e4f2c66a6c923c31fc4fd780561e03b2d775cff8e4f2915cf947"},
]
